
Microsoft Visual Studio Solution File, Format Version 12.00
# Visual Studio Version 17
VisualStudioVersion = 17.6.33815.320
MinimumVisualStudioVersion = 10.0.40219.1
Project("{9A19103F-16F7-4668-BE54-9A1E7A4F7556}") = "Game.Core", "Game.Core\Game.Core.csproj", "{F97AC756-8EE3-40A7-8DA4-E08AC128AA6C}"
EndProject
Project("{9A19103F-16F7-4668-BE54-9A1E7A4F7556}") = "Game.API", "Game.API\Game.API.csproj", "{30CA2DE2-EA12-417C-AFAE-849DAEE28001}"
EndProject
Global
	GlobalSection(SolutionConfigurationPlatforms) = preSolution
		Debug|Any CPU = Debug|Any CPU
		Release|Any CPU = Release|Any CPU
	EndGlobalSection
	GlobalSection(ProjectConfigurationPlatforms) = postSolution
		{F97AC756-8EE3-40A7-8DA4-E08AC128AA6C}.Debug|Any CPU.ActiveCfg = Debug|Any CPU
		{F97AC756-8EE3-40A7-8DA4-E08AC128AA6C}.Debug|Any CPU.Build.0 = Debug|Any CPU
		{F97AC756-8EE3-40A7-8DA4-E08AC128AA6C}.Release|Any CPU.ActiveCfg = Release|Any CPU
		{F97AC756-8EE3-40A7-8DA4-E08AC128AA6C}.Release|Any CPU.Build.0 = Release|Any CPU
		{30CA2DE2-EA12-417C-AFAE-849DAEE28001}.Debug|Any CPU.ActiveCfg = Debug|Any CPU
		{30CA2DE2-EA12-417C-AFAE-849DAEE28001}.Debug|Any CPU.Build.0 = Debug|Any CPU
		{30CA2DE2-EA12-417C-AFAE-849DAEE28001}.Release|Any CPU.ActiveCfg = Release|Any CPU
		{30CA2DE2-EA12-417C-AFAE-849DAEE28001}.Release|Any CPU.Build.0 = Release|Any CPU
	EndGlobalSection
	GlobalSection(SolutionProperties) = preSolution
		HideSolutionNode = FALSE
	EndGlobalSection
	GlobalSection(ExtensibilityGlobals) = postSolution
		SolutionGuid = {50D3C064-A8DB-41C0-A2F5-57B9AC023F44}
	EndGlobalSection
EndGlobal
